
Microsoft Visual Studio Solution File, Format Version 12.00
# Visual Studio Version 17
VisualStudioVersion = 17.0.31903.59
MinimumVisualStudioVersion = 10.0.40219.1
Project("{FAE04EC0-301F-11D3-BF4B-00C04F79EFBC}") = "Dnw.WebShop.UI", "Dnw.WebShop.UI\Dnw.WebShop.UI.csproj", "{8E82A827-27C8-4C23-975B-CC168732E15D}"
EndProject
Project("{FAE04EC0-301F-11D3-BF4B-00C04F79EFBC}") = "Dnw.WebShop.Core", "Dnw.WebShop.Core\Dnw.WebShop.Core.csproj", "{533F8DCF-644E-4557-A8B9-14DF7DBAEEED}"
EndProject
Project("{FAE04EC0-301F-11D3-BF4B-00C04F79EFBC}") = "Dnw.WebShop.Infrastructure", "Dnw.WebShop.Infrastructure\Dnw.WebShop.Infrastructure.csproj", "{BCC527C3-130B-4FCC-960A-0A385B349433}"
EndProject
Project("{FAE04EC0-301F-11D3-BF4B-00C04F79EFBC}") = "Dnw.WebShop.Infrastructure.Tests", "Dnw.WebShop.Infrastructure.Tests\Dnw.WebShop.Infrastructure.Tests.csproj", "{54A097AD-AB22-4780-9528-1A26D1D744CF}"
EndProject
Project("{FAE04EC0-301F-11D3-BF4B-00C04F79EFBC}") = "Dnw.WebShop.Core.Tests", "Dnw.WebShop.Core.Tests\Dnw.WebShop.Core.Tests.csproj", "{61742AE4-BF36-4B9D-89FB-06D40032508B}"
EndProject
Project("{FAE04EC0-301F-11D3-BF4B-00C04F79EFBC}") = "Dnw.WebShop.Console", "Dnw.WebShop.Console\Dnw.WebShop.Console.csproj", "{DE7EA815-4EAA-4504-8742-060EA86A0DE5}"
EndProject
Project("{2150E333-8FDC-42A3-9474-1A3956D46DE8}") = "Clients", "Clients", "{6664DF39-CC82-4BEB-8065-B0A6F09E1691}"
EndProject
Project("{2150E333-8FDC-42A3-9474-1A3956D46DE8}") = "Tests", "Tests", "{A1CF6BC7-299B-4260-9DF9-34AC10EA74BC}"
EndProject
Global
	GlobalSection(SolutionConfigurationPlatforms) = preSolution
		Debug|Any CPU = Debug|Any CPU
		Release|Any CPU = Release|Any CPU
	EndGlobalSection
	GlobalSection(SolutionProperties) = preSolution
		HideSolutionNode = FALSE
	EndGlobalSection
	GlobalSection(ProjectConfigurationPlatforms) = postSolution
		{8E82A827-27C8-4C23-975B-CC168732E15D}.Debug|Any CPU.ActiveCfg = Debug|Any CPU
		{8E82A827-27C8-4C23-975B-CC168732E15D}.Debug|Any CPU.Build.0 = Debug|Any CPU
		{8E82A827-27C8-4C23-975B-CC168732E15D}.Release|Any CPU.ActiveCfg = Release|Any CPU
		{8E82A827-27C8-4C23-975B-CC168732E15D}.Release|Any CPU.Build.0 = Release|Any CPU
		{533F8DCF-644E-4557-A8B9-14DF7DBAEEED}.Debug|Any CPU.ActiveCfg = Debug|Any CPU
		{533F8DCF-644E-4557-A8B9-14DF7DBAEEED}.Debug|Any CPU.Build.0 = Debug|Any CPU
		{533F8DCF-644E-4557-A8B9-14DF7DBAEEED}.Release|Any CPU.ActiveCfg = Release|Any CPU
		{533F8DCF-644E-4557-A8B9-14DF7DBAEEED}.Release|Any CPU.Build.0 = Release|Any CPU
		{BCC527C3-130B-4FCC-960A-0A385B349433}.Debug|Any CPU.ActiveCfg = Debug|Any CPU
		{BCC527C3-130B-4FCC-960A-0A385B349433}.Debug|Any CPU.Build.0 = Debug|Any CPU
		{BCC527C3-130B-4FCC-960A-0A385B349433}.Release|Any CPU.ActiveCfg = Release|Any CPU
		{BCC527C3-130B-4FCC-960A-0A385B349433}.Release|Any CPU.Build.0 = Release|Any CPU
		{54A097AD-AB22-4780-9528-1A26D1D744CF}.Debug|Any CPU.ActiveCfg = Debug|Any CPU
		{54A097AD-AB22-4780-9528-1A26D1D744CF}.Debug|Any CPU.Build.0 = Debug|Any CPU
		{54A097AD-AB22-4780-9528-1A26D1D744CF}.Release|Any CPU.ActiveCfg = Release|Any CPU
		{54A097AD-AB22-4780-9528-1A26D1D744CF}.Release|Any CPU.Build.0 = Release|Any CPU
		{61742AE4-BF36-4B9D-89FB-06D40032508B}.Debug|Any CPU.ActiveCfg = Debug|Any CPU
		{61742AE4-BF36-4B9D-89FB-06D40032508B}.Debug|Any CPU.Build.0 = Debug|Any CPU
		{61742AE4-BF36-4B9D-89FB-06D40032508B}.Release|Any CPU.ActiveCfg = Release|Any CPU
		{61742AE4-BF36-4B9D-89FB-06D40032508B}.Release|Any CPU.Build.0 = Release|Any CPU
		{DE7EA815-4EAA-4504-8742-060EA86A0DE5}.Debug|Any CPU.ActiveCfg = Debug|Any CPU
		{DE7EA815-4EAA-4504-8742-060EA86A0DE5}.Debug|Any CPU.Build.0 = Debug|Any CPU
		{DE7EA815-4EAA-4504-8742-060EA86A0DE5}.Release|Any CPU.ActiveCfg = Release|Any CPU
		{DE7EA815-4EAA-4504-8742-060EA86A0DE5}.Release|Any CPU.Build.0 = Release|Any CPU
	EndGlobalSection
	GlobalSection(NestedProjects) = preSolution
		{DE7EA815-4EAA-4504-8742-060EA86A0DE5} = {6664DF39-CC82-4BEB-8065-B0A6F09E1691}
		{8E82A827-27C8-4C23-975B-CC168732E15D} = {6664DF39-CC82-4BEB-8065-B0A6F09E1691}
		{61742AE4-BF36-4B9D-89FB-06D40032508B} = {A1CF6BC7-299B-4260-9DF9-34AC10EA74BC}
		{54A097AD-AB22-4780-9528-1A26D1D744CF} = {A1CF6BC7-299B-4260-9DF9-34AC10EA74BC}
	EndGlobalSection
EndGlobal
